
Microsoft Visual Studio Solution File, Format Version 12.00
# Visual Studio Version 17
VisualStudioVersion = 17.1.32210.238
MinimumVisualStudioVersion = 10.0.40219.1
Project("{2150E333-8FDC-42A3-9474-1A3956D46DE8}") = "Company", "Company", "{010F78A0-0B35-4045-B6C3-D03892DFF575}"
EndProject
Project("{9A19103F-16F7-4668-BE54-9A1E7A4F7556}") = "MWSApp.CompanyApi", "Company\MWSApp.CompanyApi\MWSApp.CompanyApi.csproj", "{256BC4C8-54F3-4534-89CB-5E131D54478E}"
EndProject
Project("{9A19103F-16F7-4668-BE54-9A1E7A4F7556}") = "MWSApp.CompanyModels", "Company\MWSApp.CompanyModels\MWSApp.CompanyModels.csproj", "{BA6B7E01-A176-4B93-81A7-35FABA34847E}"
EndProject
Project("{9A19103F-16F7-4668-BE54-9A1E7A4F7556}") = "MWSApp.CompanyEntities", "Company\MWSApp.CompanyEntities\MWSApp.CompanyEntities.csproj", "{1BA5177B-00C1-4BD2-9D0F-C71491864D89}"
EndProject
Project("{9A19103F-16F7-4668-BE54-9A1E7A4F7556}") = "MWSApp.CompanyContexts", "Company\MWSApp.CompanyContexts\MWSApp.CompanyContexts.csproj", "{A213A62D-BDDC-47CD-BF8A-FCCAD5D25C4B}"
EndProject
Project("{9A19103F-16F7-4668-BE54-9A1E7A4F7556}") = "MWSApp.CompanyServices", "Company\MWSApp.CompanyServices\MWSApp.CompanyServices.csproj", "{EDD5705E-FC7B-4CCF-BB17-5FB653E33C35}"
EndProject
Project("{2150E333-8FDC-42A3-9474-1A3956D46DE8}") = "Common", "Common", "{66E50EAC-B89C-46F6-97A4-2BC57144B17D}"
EndProject
Project("{9A19103F-16F7-4668-BE54-9A1E7A4F7556}") = "MWSApp.CommonModels", "Common\MWSApp.CommonModels\MWSApp.CommonModels.csproj", "{9E052FA9-354A-43C3-9363-26982B2534CA}"
EndProject
Project("{9A19103F-16F7-4668-BE54-9A1E7A4F7556}") = "MWSApp.CommonInterfaces", "Common\MWSApp.CommonInterfaces\MWSApp.CommonInterfaces.csproj", "{54AF1D16-C563-4976-9C9B-A4B6D2957DA2}"
EndProject
Project("{2150E333-8FDC-42A3-9474-1A3956D46DE8}") = "Logging", "Logging", "{05F99AA1-8520-49AD-82C3-89C639AA8F12}"
EndProject
Project("{9A19103F-16F7-4668-BE54-9A1E7A4F7556}") = "MWSApp.LogApi", "Logging\MWSApp.LogApi\MWSApp.LogApi.csproj", "{C5F6A837-6148-4AA6-B1B3-D0D961042F05}"
EndProject
Project("{9A19103F-16F7-4668-BE54-9A1E7A4F7556}") = "MWSApp.LogContexts", "Logging\MWSApp.LogContexts\MWSApp.LogContexts.csproj", "{9A0BAB5B-4619-4B95-8877-1A0C0E419144}"
EndProject
Project("{9A19103F-16F7-4668-BE54-9A1E7A4F7556}") = "MWSApp.LogEntities", "Logging\MWSApp.LogEntities\MWSApp.LogEntities.csproj", "{FD4E20F1-D219-41DF-9A14-BE533859410E}"
EndProject
Project("{9A19103F-16F7-4668-BE54-9A1E7A4F7556}") = "MWSApp.LogServices", "Logging\MWSApp.LogServices\MWSApp.LogServices.csproj", "{D6D497D0-5064-4641-A751-FBAF2F920850}"
EndProject
Project("{FAE04EC0-301F-11D3-BF4B-00C04F79EFBC}") = "MWSApp.LogModels", "Logging\MWSApp.LogModels\MWSApp.LogModels.csproj", "{21951853-D08E-4E64-9895-23F3EFD02B24}"
EndProject
Global
	GlobalSection(SolutionConfigurationPlatforms) = preSolution
		Debug|Any CPU = Debug|Any CPU
		Release|Any CPU = Release|Any CPU
	EndGlobalSection
	GlobalSection(ProjectConfigurationPlatforms) = postSolution
		{256BC4C8-54F3-4534-89CB-5E131D54478E}.Debug|Any CPU.ActiveCfg = Debug|Any CPU
		{256BC4C8-54F3-4534-89CB-5E131D54478E}.Debug|Any CPU.Build.0 = Debug|Any CPU
		{256BC4C8-54F3-4534-89CB-5E131D54478E}.Release|Any CPU.ActiveCfg = Release|Any CPU
		{256BC4C8-54F3-4534-89CB-5E131D54478E}.Release|Any CPU.Build.0 = Release|Any CPU
		{BA6B7E01-A176-4B93-81A7-35FABA34847E}.Debug|Any CPU.ActiveCfg = Debug|Any CPU
		{BA6B7E01-A176-4B93-81A7-35FABA34847E}.Debug|Any CPU.Build.0 = Debug|Any CPU
		{BA6B7E01-A176-4B93-81A7-35FABA34847E}.Release|Any CPU.ActiveCfg = Release|Any CPU
		{BA6B7E01-A176-4B93-81A7-35FABA34847E}.Release|Any CPU.Build.0 = Release|Any CPU
		{1BA5177B-00C1-4BD2-9D0F-C71491864D89}.Debug|Any CPU.ActiveCfg = Debug|Any CPU
		{1BA5177B-00C1-4BD2-9D0F-C71491864D89}.Debug|Any CPU.Build.0 = Debug|Any CPU
		{1BA5177B-00C1-4BD2-9D0F-C71491864D89}.Release|Any CPU.ActiveCfg = Release|Any CPU
		{1BA5177B-00C1-4BD2-9D0F-C71491864D89}.Release|Any CPU.Build.0 = Release|Any CPU
		{A213A62D-BDDC-47CD-BF8A-FCCAD5D25C4B}.Debug|Any CPU.ActiveCfg = Debug|Any CPU
		{A213A62D-BDDC-47CD-BF8A-FCCAD5D25C4B}.Debug|Any CPU.Build.0 = Debug|Any CPU
		{A213A62D-BDDC-47CD-BF8A-FCCAD5D25C4B}.Release|Any CPU.ActiveCfg = Release|Any CPU
		{A213A62D-BDDC-47CD-BF8A-FCCAD5D25C4B}.Release|Any CPU.Build.0 = Release|Any CPU
		{EDD5705E-FC7B-4CCF-BB17-5FB653E33C35}.Debug|Any CPU.ActiveCfg = Debug|Any CPU
		{EDD5705E-FC7B-4CCF-BB17-5FB653E33C35}.Debug|Any CPU.Build.0 = Debug|Any CPU
		{EDD5705E-FC7B-4CCF-BB17-5FB653E33C35}.Release|Any CPU.ActiveCfg = Release|Any CPU
		{EDD5705E-FC7B-4CCF-BB17-5FB653E33C35}.Release|Any CPU.Build.0 = Release|Any CPU
		{9E052FA9-354A-43C3-9363-26982B2534CA}.Debug|Any CPU.ActiveCfg = Debug|Any CPU
		{9E052FA9-354A-43C3-9363-26982B2534CA}.Debug|Any CPU.Build.0 = Debug|Any CPU
		{9E052FA9-354A-43C3-9363-26982B2534CA}.Release|Any CPU.ActiveCfg = Release|Any CPU
		{9E052FA9-354A-43C3-9363-26982B2534CA}.Release|Any CPU.Build.0 = Release|Any CPU
		{54AF1D16-C563-4976-9C9B-A4B6D2957DA2}.Debug|Any CPU.ActiveCfg = Debug|Any CPU
		{54AF1D16-C563-4976-9C9B-A4B6D2957DA2}.Debug|Any CPU.Build.0 = Debug|Any CPU
		{54AF1D16-C563-4976-9C9B-A4B6D2957DA2}.Release|Any CPU.ActiveCfg = Release|Any CPU
		{54AF1D16-C563-4976-9C9B-A4B6D2957DA2}.Release|Any CPU.Build.0 = Release|Any CPU
		{C5F6A837-6148-4AA6-B1B3-D0D961042F05}.Debug|Any CPU.ActiveCfg = Debug|Any CPU
		{C5F6A837-6148-4AA6-B1B3-D0D961042F05}.Debug|Any CPU.Build.0 = Debug|Any CPU
		{C5F6A837-6148-4AA6-B1B3-D0D961042F05}.Release|Any CPU.ActiveCfg = Release|Any CPU
		{C5F6A837-6148-4AA6-B1B3-D0D961042F05}.Release|Any CPU.Build.0 = Release|Any CPU
		{9A0BAB5B-4619-4B95-8877-1A0C0E419144}.Debug|Any CPU.ActiveCfg = Debug|Any CPU
		{9A0BAB5B-4619-4B95-8877-1A0C0E419144}.Debug|Any CPU.Build.0 = Debug|Any CPU
		{9A0BAB5B-4619-4B95-8877-1A0C0E419144}.Release|Any CPU.ActiveCfg = Release|Any CPU
		{9A0BAB5B-4619-4B95-8877-1A0C0E419144}.Release|Any CPU.Build.0 = Release|Any CPU
		{FD4E20F1-D219-41DF-9A14-BE533859410E}.Debug|Any CPU.ActiveCfg = Debug|Any CPU
		{FD4E20F1-D219-41DF-9A14-BE533859410E}.Debug|Any CPU.Build.0 = Debug|Any CPU
		{FD4E20F1-D219-41DF-9A14-BE533859410E}.Release|Any CPU.ActiveCfg = Release|Any CPU
		{FD4E20F1-D219-41DF-9A14-BE533859410E}.Release|Any CPU.Build.0 = Release|Any CPU
		{D6D497D0-5064-4641-A751-FBAF2F920850}.Debug|Any CPU.ActiveCfg = Debug|Any CPU
		{D6D497D0-5064-4641-A751-FBAF2F920850}.Debug|Any CPU.Build.0 = Debug|Any CPU
		{D6D497D0-5064-4641-A751-FBAF2F920850}.Release|Any CPU.ActiveCfg = Release|Any CPU
		{D6D497D0-5064-4641-A751-FBAF2F920850}.Release|Any CPU.Build.0 = Release|Any CPU
		{21951853-D08E-4E64-9895-23F3EFD02B24}.Debug|Any CPU.ActiveCfg = Debug|Any CPU
		{21951853-D08E-4E64-9895-23F3EFD02B24}.Debug|Any CPU.Build.0 = Debug|Any CPU
		{21951853-D08E-4E64-9895-23F3EFD02B24}.Release|Any CPU.ActiveCfg = Release|Any CPU
		{21951853-D08E-4E64-9895-23F3EFD02B24}.Release|Any CPU.Build.0 = Release|Any CPU
	EndGlobalSection
	GlobalSection(SolutionProperties) = preSolution
		HideSolutionNode = FALSE
	EndGlobalSection
	GlobalSection(NestedProjects) = preSolution
		{256BC4C8-54F3-4534-89CB-5E131D54478E} = {010F78A0-0B35-4045-B6C3-D03892DFF575}
		{BA6B7E01-A176-4B93-81A7-35FABA34847E} = {010F78A0-0B35-4045-B6C3-D03892DFF575}
		{1BA5177B-00C1-4BD2-9D0F-C71491864D89} = {010F78A0-0B35-4045-B6C3-D03892DFF575}
		{A213A62D-BDDC-47CD-BF8A-FCCAD5D25C4B} = {010F78A0-0B35-4045-B6C3-D03892DFF575}
		{EDD5705E-FC7B-4CCF-BB17-5FB653E33C35} = {010F78A0-0B35-4045-B6C3-D03892DFF575}
		{9E052FA9-354A-43C3-9363-26982B2534CA} = {66E50EAC-B89C-46F6-97A4-2BC57144B17D}
		{54AF1D16-C563-4976-9C9B-A4B6D2957DA2} = {66E50EAC-B89C-46F6-97A4-2BC57144B17D}
		{C5F6A837-6148-4AA6-B1B3-D0D961042F05} = {05F99AA1-8520-49AD-82C3-89C639AA8F12}
		{9A0BAB5B-4619-4B95-8877-1A0C0E419144} = {05F99AA1-8520-49AD-82C3-89C639AA8F12}
		{FD4E20F1-D219-41DF-9A14-BE533859410E} = {05F99AA1-8520-49AD-82C3-89C639AA8F12}
		{D6D497D0-5064-4641-A751-FBAF2F920850} = {05F99AA1-8520-49AD-82C3-89C639AA8F12}
		{21951853-D08E-4E64-9895-23F3EFD02B24} = {05F99AA1-8520-49AD-82C3-89C639AA8F12}
	EndGlobalSection
	GlobalSection(ExtensibilityGlobals) = postSolution
		SolutionGuid = {C0B61D3A-53E1-4AAD-8871-3BA00696892F}
	EndGlobalSection
EndGlobal
